
Microsoft Visual Studio Solution File, Format Version 12.00
# Visual Studio 15
VisualStudioVersion = 15.0.28010.2026
MinimumVisualStudioVersion = 10.0.40219.1
Project("{FAE04EC0-301F-11D3-BF4B-00C04F79EFBC}") = "Task6", "Task6\Task6.csproj", "{A0478B2F-5D0F-408A-B5EA-D09760D5091B}"
EndProject
Global
	GlobalSection(SolutionConfigurationPlatforms) = preSolution
		Debug|Any CPU = Debug|Any CPU
		Release|Any CPU = Release|Any CPU
	EndGlobalSection
	GlobalSection(ProjectConfigurationPlatforms) = postSolution
		{A0478B2F-5D0F-408A-B5EA-D09760D5091B}.Debug|Any CPU.ActiveCfg = Debug|Any CPU
		{A0478B2F-5D0F-408A-B5EA-D09760D5091B}.Debug|Any CPU.Build.0 = Debug|Any CPU
		{A0478B2F-5D0F-408A-B5EA-D09760D5091B}.Release|Any CPU.ActiveCfg = Release|Any CPU
		{A0478B2F-5D0F-408A-B5EA-D09760D5091B}.Release|Any CPU.Build.0 = Release|Any CPU
	EndGlobalSection
	GlobalSection(SolutionProperties) = preSolution
		HideSolutionNode = FALSE
	EndGlobalSection
	GlobalSection(ExtensibilityGlobals) = postSolution
		SolutionGuid = {B64A89CC-A7D2-48F8-964B-F7AAAC8833D5}
	EndGlobalSection
EndGlobal
